lockfileVersion: '9.0'

settings:
  autoInstallPeers: true
  excludeLinksFromLockfile: false

importers:

  .:
    dependencies:
      fast-xml-parser:
        specifier: ^5.5.10
        version: 5.5.10
      hono:
        specifier: ^4.12.10
        version: 4.12.10

packages:

  fast-xml-builder@1.1.4:
    resolution: {integrity: sha512-f2jhpN4Eccy0/Uz9csxh3Nu6q4ErKxf0XIsasomfOihuSUa3/xw6w8dnOtCDgEItQFJG8KyXPzQXzcODDrrbOg==}

  fast-xml-parser@5.5.10:
    resolution: {integrity: sha512-go2J2xODMc32hT+4Xr/bBGXMaIoiCwrwp2mMtAvKyvEFW6S/v5Gn2pBmE4nvbwNjGhpcAiOwEv7R6/GZ6XRa9w==}
    hasBin: true

  hono@4.12.10:
    resolution: {integrity: sha512-mx/p18PLy5og9ufies2GOSUqep98Td9q4i/EF6X7yJgAiIopxqdfIO3jbqsi3jRgTgw88jMDEzVKi+V2EF+27w==}
    engines: {node: '>=16.9.0'}

  path-expression-matcher@1.2.1:
    resolution: {integrity: sha512-d7gQQmLvAKXKXE2GeP9apIGbMYKz88zWdsn/BN2HRWVQsDFdUY36WSLTY0Jvd4HWi7Fb30gQ62oAOzdgJA6fZw==}
    engines: {node: '>=14.0.0'}

  strnum@2.2.2:
    resolution: {integrity: sha512-DnR90I+jtXNSTXWdwrEy9FakW7UX+qUZg28gj5fk2vxxl7uS/3bpI4fjFYVmdK9etptYBPNkpahuQnEwhwECqA==}

snapshots:

  fast-xml-builder@1.1.4:
    dependencies:
      path-expression-matcher: 1.2.1

  fast-xml-parser@5.5.10:
    dependencies:
      fast-xml-builder: 1.1.4
      path-expression-matcher: 1.2.1
      strnum: 2.2.2

  hono@4.12.10: {}

  path-expression-matcher@1.2.1: {}

  strnum@2.2.2: {}
