lockfileVersion: '9.0'

settings:
  autoInstallPeers: true
  excludeLinksFromLockfile: false

importers:

  .:
    dependencies:
      fast-xml-parser:
        specifier: ^5.5.8
        version: 5.5.8
      hono:
        specifier: ^4.12.9
        version: 4.12.9

packages:

  fast-xml-builder@1.1.4:
    resolution: {integrity: sha512-f2jhpN4Eccy0/Uz9csxh3Nu6q4ErKxf0XIsasomfOihuSUa3/xw6w8dnOtCDgEItQFJG8KyXPzQXzcODDrrbOg==}

  fast-xml-parser@5.5.8:
    resolution: {integrity: sha512-Z7Fh2nVQSb2d+poDViM063ix2ZGt9jmY1nWhPfHBOK2Hgnb/OW3P4Et3P/81SEej0J7QbWtJqxO05h8QYfK7LQ==}
    hasBin: true

  hono@4.12.9:
    resolution: {integrity: sha512-wy3T8Zm2bsEvxKZM5w21VdHDDcwVS1yUFFY6i8UobSsKfFceT7TOwhbhfKsDyx7tYQlmRM5FLpIuYvNFyjctiA==}
    engines: {node: '>=16.9.0'}

  path-expression-matcher@1.2.0:
    resolution: {integrity: sha512-DwmPWeFn+tq7TiyJ2CxezCAirXjFxvaiD03npak3cRjlP9+OjTmSy1EpIrEbh+l6JgUundniloMLDQ/6VTdhLQ==}
    engines: {node: '>=14.0.0'}

  strnum@2.2.2:
    resolution: {integrity: sha512-DnR90I+jtXNSTXWdwrEy9FakW7UX+qUZg28gj5fk2vxxl7uS/3bpI4fjFYVmdK9etptYBPNkpahuQnEwhwECqA==}

snapshots:

  fast-xml-builder@1.1.4:
    dependencies:
      path-expression-matcher: 1.2.0

  fast-xml-parser@5.5.8:
    dependencies:
      fast-xml-builder: 1.1.4
      path-expression-matcher: 1.2.0
      strnum: 2.2.2

  hono@4.12.9: {}

  path-expression-matcher@1.2.0: {}

  strnum@2.2.2: {}
