lockfileVersion: '9.0'

settings:
  autoInstallPeers: true
  excludeLinksFromLockfile: false

importers:

  .:
    dependencies:
      fast-xml-parser:
        specifier: ^5.5.8
        version: 5.5.8
      hono:
        specifier: ^4.12.8
        version: 4.12.8

packages:

  fast-xml-builder@1.1.4:
    resolution: {integrity: sha512-f2jhpN4Eccy0/Uz9csxh3Nu6q4ErKxf0XIsasomfOihuSUa3/xw6w8dnOtCDgEItQFJG8KyXPzQXzcODDrrbOg==}

  fast-xml-parser@5.5.8:
    resolution: {integrity: sha512-Z7Fh2nVQSb2d+poDViM063ix2ZGt9jmY1nWhPfHBOK2Hgnb/OW3P4Et3P/81SEej0J7QbWtJqxO05h8QYfK7LQ==}
    hasBin: true

  hono@4.12.8:
    resolution: {integrity: sha512-VJCEvtrezO1IAR+kqEYnxUOoStaQPGrCmX3j4wDTNOcD1uRPFpGlwQUIW8niPuvHXaTUxeOUl5MMDGrl+tmO9A==}
    engines: {node: '>=16.9.0'}

  path-expression-matcher@1.2.0:
    resolution: {integrity: sha512-DwmPWeFn+tq7TiyJ2CxezCAirXjFxvaiD03npak3cRjlP9+OjTmSy1EpIrEbh+l6JgUundniloMLDQ/6VTdhLQ==}
    engines: {node: '>=14.0.0'}

  strnum@2.2.1:
    resolution: {integrity: sha512-BwRvNd5/QoAtyW1na1y1LsJGQNvRlkde6Q/ipqqEaivoMdV+B1OMOTVdwR+N/cwVUcIt9PYyHmV8HyexCZSupg==}

snapshots:

  fast-xml-builder@1.1.4:
    dependencies:
      path-expression-matcher: 1.2.0

  fast-xml-parser@5.5.8:
    dependencies:
      fast-xml-builder: 1.1.4
      path-expression-matcher: 1.2.0
      strnum: 2.2.1

  hono@4.12.8: {}

  path-expression-matcher@1.2.0: {}

  strnum@2.2.1: {}
